
Microsoft Visual Studio Solution File, Format Version 12.00
# Visual Studio Version 17
VisualStudioVersion = 17.9.34622.214
MinimumVisualStudioVersion = 10.0.40219.1
Project("{FAE04EC0-301F-11D3-BF4B-00C04F79EFBC}") = "videoparcial1punto1", "videoparcial1punto1.csproj", "{A683D4A3-6BFB-4C28-A280-8E9650397240}"
EndProject
Global
	GlobalSection(SolutionConfigurationPlatforms) = preSolution
		Debug|Any CPU = Debug|Any CPU
		Release|Any CPU = Release|Any CPU
	EndGlobalSection
	GlobalSection(ProjectConfigurationPlatforms) = postSolution
		{A683D4A3-6BFB-4C28-A280-8E9650397240}.Debug|Any CPU.ActiveCfg = Debug|Any CPU
		{A683D4A3-6BFB-4C28-A280-8E9650397240}.Debug|Any CPU.Build.0 = Debug|Any CPU
		{A683D4A3-6BFB-4C28-A280-8E9650397240}.Release|Any CPU.ActiveCfg = Release|Any CPU
		{A683D4A3-6BFB-4C28-A280-8E9650397240}.Release|Any CPU.Build.0 = Release|Any CPU
	EndGlobalSection
	GlobalSection(SolutionProperties) = preSolution
		HideSolutionNode = FALSE
	EndGlobalSection
	GlobalSection(ExtensibilityGlobals) = postSolution
		SolutionGuid = {AF764751-C175-4D76-B73A-5548796F1367}
	EndGlobalSection
EndGlobal
